{
  "name": "mrbrad.me",
  "lockfileVersion": 3,
  "requires": true,
  "packages": {
    "": {
      "dependencies": {
        "@fontsource-variable/pixelify-sans": "^5.2.7"
      }
    },
    "node_modules/@fontsource-variable/pixelify-sans": {
      "version": "5.2.7",
      "resolved": "https://registry.npmjs.org/@fontsource-variable/pixelify-sans/-/pixelify-sans-5.2.7.tgz",
      "integrity": "sha512-IbQ7po3a7bQuguwyGQ7x7kMUCYvHjzxTdc7lYAcqzgR87MQb+vf8fuu4hjGyFLlWaDhS6QEe0jrS9dmCJ9ZlYw==",
      "funding": {
        "url": "https://github.com/sponsors/ayuhito"
      }
    }
  }
}
